
Microsoft Visual Studio Solution File, Format Version 12.00
# Visual Studio Version 16
VisualStudioVersion = 16.0.31129.286
MinimumVisualStudioVersion = 10.0.40219.1
Project("{FAE04EC0-301F-11D3-BF4B-00C04F79EFBC}") = "AnimeSearch", "AnimeSearch\AnimeSearch.csproj", "{233FB6B9-81AB-4C9B-BF25-5B5B7051393B}"
EndProject
Global
	GlobalSection(SolutionConfigurationPlatforms) = preSolution
		Debug|Any CPU = Debug|Any CPU
		Release|Any CPU = Release|Any CPU
	EndGlobalSection
	GlobalSection(ProjectConfigurationPlatforms) = postSolution
		{233FB6B9-81AB-4C9B-BF25-5B5B7051393B}.Debug|Any CPU.ActiveCfg = Debug|Any CPU
		{233FB6B9-81AB-4C9B-BF25-5B5B7051393B}.Debug|Any CPU.Build.0 = Debug|Any CPU
		{233FB6B9-81AB-4C9B-BF25-5B5B7051393B}.Release|Any CPU.ActiveCfg = Release|Any CPU
		{233FB6B9-81AB-4C9B-BF25-5B5B7051393B}.Release|Any CPU.Build.0 = Release|Any CPU
	EndGlobalSection
	GlobalSection(SolutionProperties) = preSolution
		HideSolutionNode = FALSE
	EndGlobalSection
	GlobalSection(ExtensibilityGlobals) = postSolution
		SolutionGuid = {B70F2A94-B7F0-4433-BCEB-96DBDD2F9D39}
	EndGlobalSection
EndGlobal
